// !$*UTF8*$!
{
	archiveVersion = 1;
	classes = {
	};
	objectVersion = 50;
	objects = {

/* Begin PBXBuildFile section */
612EF559B28732CCE25B2D7C4B103E1B /* Cake in Frameworks */ = {isa = PBXBuildFile; fileRef = "TEMP_F73F7D30-1348-4BB5-84D6-9333EED71E29" /* Cake */; };
786E492980FB7CB4A0D24D21 /* Pods_CakePods.framework in Frameworks */ = {isa = PBXBuildFile; fileRef = 3E0194F81EF79AF7C4FCE405 /* Pods_CakePods.framework */; };
7C4EFAD82230A2ED005A5473 /* AppDelegate.swift in Sources */ = {isa = PBXBuildFile; fileRef = 7C4EFAD72230A2ED005A5473 /* AppDelegate.swift */; };
7C4EFADA2230A2ED005A5473 /* ViewController.swift in Sources */ = {isa = PBXBuildFile; fileRef = 7C4EFAD92230A2ED005A5473 /* ViewController.swift */; };
7C4EFADD2230A2ED005A5473 /* Main.storyboard in Resources */ = {isa = PBXBuildFile; fileRef = 7C4EFADB2230A2ED005A5473 /* Main.storyboard */; };
7C4EFADF2230A2EE005A5473 /* Assets.xcassets in Resources */ = {isa = PBXBuildFile; fileRef = 7C4EFADE2230A2EE005A5473 /* Assets.xcassets */; };
7C4EFAE22230A2EE005A5473 /* LaunchScreen.storyboard in Resources */ = {isa = PBXBuildFile; fileRef = 7C4EFAE02230A2EE005A5473 /* LaunchScreen.storyboard */; };
/* End PBXBuildFile section */

/* Begin PBXContainerItemProxy section */
7477D9AC8C2233586EB581761C7C56DF /* PBXContainerItemProxy */ = {
	isa = PBXContainerItemProxy;
	containerPortal = 3585DAF0D9DC36DFC7A46338BC296C0D /* Project object */;
	proxyType = 1;
	remoteGlobalIDString = 8B942976617019A6C464818315598CC1;
	remoteInfo = Cake;
};
"TEMP_116E465E-7B3F-42F1-8565-ABD761AEBB08" /* PBXContainerItemProxy */ = {
	isa = PBXContainerItemProxy;
	containerPortal = 3585DAF0D9DC36DFC7A46338BC296C0D /* Project object */;
	proxyType = 2;
	remoteGlobalIDString = A4B1E5C1B830E94800A96F72DE371A05;
	remoteInfo = Cake;
};
/* End PBXContainerItemProxy section */

/* Begin PBXFileReference section */
17182445DB4FC295853DC69A8DC4DA1C /* Sources·Model */ = {isa = PBXFileReference; lastKnownFileType = folder; name = "Sources·Model"; path = Sources/Model; sourceTree = "<group>"; };
3585DAF0D9DC36DFC7A46338BC296C0D /* Cake.xcodeproj */ = {isa = PBXFileReference; explicitFileType = "wrapper.pb-project"; lastKnownFileType = "wrapper.pb-project"; name = Cake.xcodeproj; path = .cake/Cake.xcodeproj; sourceTree = "<group>"; };
3E0194F81EF79AF7C4FCE405 /* Pods_CakePods.framework */ = {isa = PBXFileReference; explicitFileType = wrapper.framework; includeInIndex = 0; path = Pods_CakePods.framework; sourceTree = BUILT_PRODUCTS_DIR; };
4C134EA089D5F85626AB0BEA /* Pods-CakePods.debug.xcconfig */ = {isa = PBXFileReference; includeInIndex = 1; lastKnownFileType = text.xcconfig; name = "Pods-CakePods.debug.xcconfig"; path = "Target Support Files/Pods-CakePods/Pods-CakePods.debug.xcconfig"; sourceTree = "<group>"; };
7C4EFAD42230A2ED005A5473 /* CakePods.app */ = {isa = PBXFileReference; explicitFileType = wrapper.application; includeInIndex = 0; path = CakePods.app; sourceTree = BUILT_PRODUCTS_DIR; };
7C4EFAD72230A2ED005A5473 /* AppDelegate.swift */ = {isa = PBXFileReference; lastKnownFileType = sourcecode.swift; path = AppDelegate.swift; sourceTree = "<group>"; };
7C4EFAD92230A2ED005A5473 /* ViewController.swift */ = {isa = PBXFileReference; lastKnownFileType = sourcecode.swift; path = ViewController.swift; sourceTree = "<group>"; };
7C4EFADC2230A2ED005A5473 /* Base */ = {isa = PBXFileReference; lastKnownFileType = file.storyboard; name = Base; path = Base.lproj/Main.storyboard; sourceTree = "<group>"; };
7C4EFADE2230A2EE005A5473 /* Assets.xcassets */ = {isa = PBXFileReference; lastKnownFileType = folder.assetcatalog; path = Assets.xcassets; sourceTree = "<group>"; };
7C4EFAE12230A2EE005A5473 /* Base */ = {isa = PBXFileReference; lastKnownFileType = file.storyboard; name = Base; path = Base.lproj/LaunchScreen.storyboard; sourceTree = "<group>"; };
7C4EFAE32230A2EE005A5473 /* Info.plist */ = {isa = PBXFileReference; lastKnownFileType = text.plist.xml; path = Info.plist; sourceTree = "<group>"; };
E81EB25918EE1A0F3375C2E4 /* Pods-CakePods.release.xcconfig */ = {isa = PBXFileReference; includeInIndex = 1; lastKnownFileType = text.xcconfig; name = "Pods-CakePods.release.xcconfig"; path = "Target Support Files/Pods-CakePods/Pods-CakePods.release.xcconfig"; sourceTree = "<group>"; };
/* End PBXFileReference section */

/* Begin PBXFrameworksBuildPhase section */
7C4EFAD12230A2ED005A5473 /* Frameworks */ = {
	isa = PBXFrameworksBuildPhase;
	buildActionMask = 2147483647;
	files = (
		786E492980FB7CB4A0D24D21 /* Pods_CakePods.framework in Frameworks */,
		612EF559B28732CCE25B2D7C4B103E1B /* Cake in Frameworks */,
	);
	runOnlyForDeploymentPostprocessing = 0;
};
/* End PBXFrameworksBuildPhase section */

/* Begin PBXGroup section */
7C4EFACB2230A2ED005A5473 = {
	isa = PBXGroup;
	children = (
		17182445DB4FC295853DC69A8DC4DA1C /* Sources·Model */,
		7C4EFAD62230A2ED005A5473 /* CakePods */,
		3585DAF0D9DC36DFC7A46338BC296C0D /* Cake.xcodeproj */,
		7C4EFAD52230A2ED005A5473 /* Products */,
		999047768D8AF767C725FA34 /* Pods */,
		94F14F5614D18B4F6E27D491 /* Frameworks */,
	);
	sourceTree = "<group>";
};
7C4EFAD52230A2ED005A5473 /* Products */ = {
	isa = PBXGroup;
	children = (
		7C4EFAD42230A2ED005A5473 /* CakePods.app */,
	);
	name = Products;
	sourceTree = "<group>";
};
7C4EFAD62230A2ED005A5473 /* CakePods */ = {
	isa = PBXGroup;
	children = (
		7C4EFAD72230A2ED005A5473 /* AppDelegate.swift */,
		7C4EFAD92230A2ED005A5473 /* ViewController.swift */,
		7C4EFADB2230A2ED005A5473 /* Main.storyboard */,
		7C4EFADE2230A2EE005A5473 /* Assets.xcassets */,
		7C4EFAE02230A2EE005A5473 /* LaunchScreen.storyboard */,
		7C4EFAE32230A2EE005A5473 /* Info.plist */,
	);
	path = CakePods;
	sourceTree = "<group>";
};
94F14F5614D18B4F6E27D491 /* Frameworks */ = {
	isa = PBXGroup;
	children = (
		3E0194F81EF79AF7C4FCE405 /* Pods_CakePods.framework */,
	);
	name = Frameworks;
	sourceTree = "<group>";
};
999047768D8AF767C725FA34 /* Pods */ = {
	isa = PBXGroup;
	children = (
		4C134EA089D5F85626AB0BEA /* Pods-CakePods.debug.xcconfig */,
		E81EB25918EE1A0F3375C2E4 /* Pods-CakePods.release.xcconfig */,
	);
	name = Pods;
	path = Pods;
	sourceTree = "<group>";
};
"TEMP_22C12AC7-AC3A-4670-89A5-916FF98E3C52" /* Products */ = {
	isa = PBXGroup;
	children = (
		"TEMP_F73F7D30-1348-4BB5-84D6-9333EED71E29" /* Cake */,
	);
	name = Products;
};
/* End PBXGroup section */

/* Begin PBXNativeTarget section */
7C4EFAD32230A2ED005A5473 /* CakePods */ = {
	isa = PBXNativeTarget;
	buildConfigurationList = 7C4EFAE62230A2EE005A5473 /* Build configuration list for PBXNativeTarget "CakePods" */;
	buildPhases = (
		66198A22ACBC1D5518B3BBB5 /* [CP] Check Pods Manifest.lock */,
		7C4EFAD02230A2ED005A5473 /* Sources */,
		7C4EFAD12230A2ED005A5473 /* Frameworks */,
		7C4EFAD22230A2ED005A5473 /* Resources */,
		6BCFF909A990317EDFACDCF8 /* [CP] Embed Pods Frameworks */,
	);
	buildRules = (
	);
	dependencies = (
		5E14291BF99AFB64271C29609D398799 /* PBXTargetDependency */,
	);
	name = CakePods;
	productName = CakePods;
	productReference = 7C4EFAD42230A2ED005A5473 /* CakePods.app */;
	productType = "com.apple.product-type.application";
};
/* End PBXNativeTarget section */

/* Begin PBXProject section */
7C4EFACC2230A2ED005A5473 /* Project object */ = {
	isa = PBXProject;
	attributes = {
		LastSwiftUpdateCheck = 1020;
		LastUpgradeCheck = 1020;
		ORGANIZATIONNAME = "Abbas Mousavi";
		TargetAttributes = {
			7C4EFAD32230A2ED005A5473 = {
				CreatedOnToolsVersion = 10.2;
			};
		};
	};
	buildConfigurationList = 7C4EFACF2230A2ED005A5473 /* Build configuration list for PBXProject "CakePods" */;
	compatibilityVersion = "Xcode 9.3";
	developmentRegion = en;
	hasScannedForEncodings = 0;
	knownRegions = (
		en,
		Base,
	);
	mainGroup = 7C4EFACB2230A2ED005A5473;
	productRefGroup = 7C4EFAD52230A2ED005A5473 /* Products */;
	projectDirPath = "";
	projectReferences = (
		{
			ProductGroup = "TEMP_22C12AC7-AC3A-4670-89A5-916FF98E3C52" /* Products */;
			ProjectRef = 3585DAF0D9DC36DFC7A46338BC296C0D /* Cake.xcodeproj */;
		},
	);
	projectRoot = "";
	targets = (
		7C4EFAD32230A2ED005A5473 /* CakePods */,
	);
};
/* End PBXProject section */

/* Begin PBXReferenceProxy section */
"TEMP_F73F7D30-1348-4BB5-84D6-9333EED71E29" /* Cake.a */ = {
	isa = PBXReferenceProxy;
	name = Cake;
	path = Cake.a;
	remoteRef = "TEMP_116E465E-7B3F-42F1-8565-ABD761AEBB08" /* PBXContainerItemProxy */;
	sourceTree = BUILT_PRODUCTS_DIR;
};
/* End PBXReferenceProxy section */

/* Begin PBXResourcesBuildPhase section */
7C4EFAD22230A2ED005A5473 /* Resources */ = {
	isa = PBXResourcesBuildPhase;
	buildActionMask = 2147483647;
	files = (
		7C4EFAE22230A2EE005A5473 /* LaunchScreen.storyboard in Resources */,
		7C4EFADF2230A2EE005A5473 /* Assets.xcassets in Resources */,
		7C4EFADD2230A2ED005A5473 /* Main.storyboard in Resources */,
	);
	runOnlyForDeploymentPostprocessing = 0;
};
/* End PBXResourcesBuildPhase section */

/* Begin PBXShellScriptBuildPhase section */
66198A22ACBC1D5518B3BBB5 /* [CP] Check Pods Manifest.lock */ = {
	isa = PBXShellScriptBuildPhase;
	buildActionMask = 2147483647;
	files = (
	);
	inputFileListPaths = (
	);
	inputPaths = (
		"${PODS_PODFILE_DIR_PATH}/Podfile.lock",
		"${PODS_ROOT}/Manifest.lock",
	);
	name = "[CP] Check Pods Manifest.lock";
	outputFileListPaths = (
	);
	outputPaths = (
		"$(DERIVED_FILE_DIR)/Pods-CakePods-checkManifestLockResult.txt",
	);
	runOnlyForDeploymentPostprocessing = 0;
	shellPath = /bin/sh;
	shellScript = "diff \"${PODS_PODFILE_DIR_PATH}/Podfile.lock\" \"${PODS_ROOT}/Manifest.lock\" > /dev/null\nif [ $? != 0 ] ; then\n    # print error to STDERR\n    echo \"error: The sandbox is not in sync with the Podfile.lock. Run 'pod install' or update your CocoaPods installation.\" >&2\n    exit 1\nfi\n# This output is used by Xcode 'outputs' to avoid re-running this script phase.\necho \"SUCCESS\" > \"${SCRIPT_OUTPUT_FILE_0}\"\n";
	showEnvVarsInLog = 0;
};
6BCFF909A990317EDFACDCF8 /* [CP] Embed Pods Frameworks */ = {
	isa = PBXShellScriptBuildPhase;
	buildActionMask = 2147483647;
	files = (
	);
	inputFileListPaths = (
	);
	inputPaths = (
		"${PODS_ROOT}/Target Support Files/Pods-CakePods/Pods-CakePods-frameworks.sh",
		"${BUILT_PRODUCTS_DIR}/Alamofire/Alamofire.framework",
	);
	name = "[CP] Embed Pods Frameworks";
	outputFileListPaths = (
	);
	outputPaths = (
		"${TARGET_BUILD_DIR}/${FRAMEWORKS_FOLDER_PATH}/Alamofire.framework",
	);
	runOnlyForDeploymentPostprocessing = 0;
	shellPath = /bin/sh;
	shellScript = "\"${PODS_ROOT}/Target Support Files/Pods-CakePods/Pods-CakePods-frameworks.sh\"\n";
	showEnvVarsInLog = 0;
};
/* End PBXShellScriptBuildPhase section */

/* Begin PBXSourcesBuildPhase section */
7C4EFAD02230A2ED005A5473 /* Sources */ = {
	isa = PBXSourcesBuildPhase;
	buildActionMask = 2147483647;
	files = (
		7C4EFADA2230A2ED005A5473 /* ViewController.swift in Sources */,
		7C4EFAD82230A2ED005A5473 /* AppDelegate.swift in Sources */,
	);
	runOnlyForDeploymentPostprocessing = 0;
};
/* End PBXSourcesBuildPhase section */

/* Begin PBXTargetDependency section */
5E14291BF99AFB64271C29609D398799 /* PBXTargetDependency */ = {
	isa = PBXTargetDependency;
	name = Cake;
	target = 8B942976617019A6C464818315598CC1 /* Cake */;
	targetProxy = 7477D9AC8C2233586EB581761C7C56DF /* PBXContainerItemProxy */;
};
/* End PBXTargetDependency section */

/* Begin PBXVariantGroup section */
7C4EFADB2230A2ED005A5473 /* Main.storyboard */ = {
	isa = PBXVariantGroup;
	children = (
		7C4EFADC2230A2ED005A5473 /* Base */,
	);
	name = Main.storyboard;
	sourceTree = "<group>";
};
7C4EFAE02230A2EE005A5473 /* LaunchScreen.storyboard */ = {
	isa = PBXVariantGroup;
	children = (
		7C4EFAE12230A2EE005A5473 /* Base */,
	);
	name = LaunchScreen.storyboard;
	sourceTree = "<group>";
};
/* End PBXVariantGroup section */

/* Begin XCBuildConfiguration section */
7C4EFAE42230A2EE005A5473 /* Debug */ = {
	isa = XCBuildConfiguration;
	buildSettings = {
		ALWAYS_SEARCH_USER_PATHS = NO;
		CLANG_ANALYZER_NONNULL = YES;
		CLANG_ANALYZER_NUMBER_OBJECT_CONVERSION = YES_AGGRESSIVE;
		CLANG_CXX_LANGUAGE_STANDARD = "gnu++14";
		CLANG_CXX_LIBRARY = "libc++";
		CLANG_ENABLE_MODULES = YES;
		CLANG_ENABLE_OBJC_ARC = YES;
		CLANG_ENABLE_OBJC_WEAK = YES;
		CLANG_WARN_BLOCK_CAPTURE_AUTORELEASING = YES;
		CLANG_WARN_BOOL_CONVERSION = YES;
		CLANG_WARN_COMMA = YES;
		CLANG_WARN_CONSTANT_CONVERSION = YES;
		CLANG_WARN_DEPRECATED_OBJC_IMPLEMENTATIONS = YES;
		CLANG_WARN_DIRECT_OBJC_ISA_USAGE = YES_ERROR;
		CLANG_WARN_DOCUMENTATION_COMMENTS = YES;
		CLANG_WARN_EMPTY_BODY = YES;
		CLANG_WARN_ENUM_CONVERSION = YES;
		CLANG_WARN_INFINITE_RECURSION = YES;
		CLANG_WARN_INT_CONVERSION = YES;
		CLANG_WARN_NON_LITERAL_NULL_CONVERSION = YES;
		CLANG_WARN_OBJC_IMPLICIT_RETAIN_SELF = YES;
		CLANG_WARN_OBJC_LITERAL_CONVERSION = YES;
		CLANG_WARN_OBJC_ROOT_CLASS = YES_ERROR;
		CLANG_WARN_RANGE_LOOP_ANALYSIS = YES;
		CLANG_WARN_STRICT_PROTOTYPES = YES;
		CLANG_WARN_SUSPICIOUS_MOVE = YES;
		CLANG_WARN_UNGUARDED_AVAILABILITY = YES_AGGRESSIVE;
		CLANG_WARN_UNREACHABLE_CODE = YES;
		CLANG_WARN__DUPLICATE_METHOD_MATCH = YES;
		CODE_SIGN_IDENTITY = "iPhone Developer";
		COPY_PHASE_STRIP = NO;
		DEBUG_INFORMATION_FORMAT = dwarf;
		ENABLE_STRICT_OBJC_MSGSEND = YES;
		ENABLE_TESTABILITY = YES;
		GCC_C_LANGUAGE_STANDARD = gnu11;
		GCC_DYNAMIC_NO_PIC = NO;
		GCC_NO_COMMON_BLOCKS = YES;
		GCC_OPTIMIZATION_LEVEL = 0;
		GCC_PREPROCESSOR_DEFINITIONS = (
			"DEBUG=1",
			"$(inherited)",
		);
		GCC_WARN_64_TO_32_BIT_CONVERSION = YES;
		GCC_WARN_ABOUT_RETURN_TYPE = YES_ERROR;
		GCC_WARN_UNDECLARED_SELECTOR = YES;
		GCC_WARN_UNINITIALIZED_AUTOS = YES_AGGRESSIVE;
		GCC_WARN_UNUSED_FUNCTION = YES;
		GCC_WARN_UNUSED_VARIABLE = YES;
		IPHONEOS_DEPLOYMENT_TARGET = 12.2;
		MTL_ENABLE_DEBUG_INFO = INCLUDE_SOURCE;
		MTL_FAST_MATH = YES;
		ONLY_ACTIVE_ARCH = YES;
		SDKROOT = iphoneos;
		SWIFT_ACTIVE_COMPILATION_CONDITIONS = DEBUG;
		SWIFT_OPTIMIZATION_LEVEL = "-Onone";
	};
	name = Debug;
};
7C4EFAE52230A2EE005A5473 /* Release */ = {
	isa = XCBuildConfiguration;
	buildSettings = {
		ALWAYS_SEARCH_USER_PATHS = NO;
		CLANG_ANALYZER_NONNULL = YES;
		CLANG_ANALYZER_NUMBER_OBJECT_CONVERSION = YES_AGGRESSIVE;
		CLANG_CXX_LANGUAGE_STANDARD = "gnu++14";
		CLANG_CXX_LIBRARY = "libc++";
		CLANG_ENABLE_MODULES = YES;
		CLANG_ENABLE_OBJC_ARC = YES;
		CLANG_ENABLE_OBJC_WEAK = YES;
		CLANG_WARN_BLOCK_CAPTURE_AUTORELEASING = YES;
		CLANG_WARN_BOOL_CONVERSION = YES;
		CLANG_WARN_COMMA = YES;
		CLANG_WARN_CONSTANT_CONVERSION = YES;
		CLANG_WARN_DEPRECATED_OBJC_IMPLEMENTATIONS = YES;
		CLANG_WARN_DIRECT_OBJC_ISA_USAGE = YES_ERROR;
		CLANG_WARN_DOCUMENTATION_COMMENTS = YES;
		CLANG_WARN_EMPTY_BODY = YES;
		CLANG_WARN_ENUM_CONVERSION = YES;
		CLANG_WARN_INFINITE_RECURSION = YES;
		CLANG_WARN_INT_CONVERSION = YES;
		CLANG_WARN_NON_LITERAL_NULL_CONVERSION = YES;
		CLANG_WARN_OBJC_IMPLICIT_RETAIN_SELF = YES;
		CLANG_WARN_OBJC_LITERAL_CONVERSION = YES;
		CLANG_WARN_OBJC_ROOT_CLASS = YES_ERROR;
		CLANG_WARN_RANGE_LOOP_ANALYSIS = YES;
		CLANG_WARN_STRICT_PROTOTYPES = YES;
		CLANG_WARN_SUSPICIOUS_MOVE = YES;
		CLANG_WARN_UNGUARDED_AVAILABILITY = YES_AGGRESSIVE;
		CLANG_WARN_UNREACHABLE_CODE = YES;
		CLANG_WARN__DUPLICATE_METHOD_MATCH = YES;
		CODE_SIGN_IDENTITY = "iPhone Developer";
		COPY_PHASE_STRIP = NO;
		DEBUG_INFORMATION_FORMAT = "dwarf-with-dsym";
		ENABLE_NS_ASSERTIONS = NO;
		ENABLE_STRICT_OBJC_MSGSEND = YES;
		GCC_C_LANGUAGE_STANDARD = gnu11;
		GCC_NO_COMMON_BLOCKS = YES;
		GCC_WARN_64_TO_32_BIT_CONVERSION = YES;
		GCC_WARN_ABOUT_RETURN_TYPE = YES_ERROR;
		GCC_WARN_UNDECLARED_SELECTOR = YES;
		GCC_WARN_UNINITIALIZED_AUTOS = YES_AGGRESSIVE;
		GCC_WARN_UNUSED_FUNCTION = YES;
		GCC_WARN_UNUSED_VARIABLE = YES;
		IPHONEOS_DEPLOYMENT_TARGET = 12.2;
		MTL_ENABLE_DEBUG_INFO = NO;
		MTL_FAST_MATH = YES;
		SDKROOT = iphoneos;
		SWIFT_COMPILATION_MODE = wholemodule;
		SWIFT_OPTIMIZATION_LEVEL = "-O";
		VALIDATE_PRODUCT = YES;
	};
	name = Release;
};
7C4EFAE72230A2EE005A5473 /* Debug */ = {
	isa = XCBuildConfiguration;
	baseConfigurationReference = 4C134EA089D5F85626AB0BEA /* Pods-CakePods.debug.xcconfig */;
	buildSettings = {
		ASSETCATALOG_COMPILER_APPICON_NAME = AppIcon;
		CODE_SIGN_STYLE = Automatic;
		DEVELOPMENT_TEAM = QCM3Q3E382;
		INFOPLIST_FILE = CakePods/Info.plist;
		LD_RUNPATH_SEARCH_PATHS = (
			"$(inherited)",
			"@executable_path/Frameworks",
		);
		PRODUCT_BUNDLE_IDENTIFIER = team.newts.CakePods;
		PRODUCT_NAME = "$(TARGET_NAME)";
		SWIFT_VERSION = 5.0;
		TARGETED_DEVICE_FAMILY = "1,2";
	};
	name = Debug;
};
7C4EFAE82230A2EE005A5473 /* Release */ = {
	isa = XCBuildConfiguration;
	baseConfigurationReference = E81EB25918EE1A0F3375C2E4 /* Pods-CakePods.release.xcconfig */;
	buildSettings = {
		ASSETCATALOG_COMPILER_APPICON_NAME = AppIcon;
		CODE_SIGN_STYLE = Automatic;
		DEVELOPMENT_TEAM = QCM3Q3E382;
		INFOPLIST_FILE = CakePods/Info.plist;
		LD_RUNPATH_SEARCH_PATHS = (
			"$(inherited)",
			"@executable_path/Frameworks",
		);
		PRODUCT_BUNDLE_IDENTIFIER = team.newts.CakePods;
		PRODUCT_NAME = "$(TARGET_NAME)";
		SWIFT_VERSION = 5.0;
		TARGETED_DEVICE_FAMILY = "1,2";
	};
	name = Release;
};
/* End XCBuildConfiguration section */

/* Begin XCConfigurationList section */
7C4EFACF2230A2ED005A5473 /* Build configuration list for PBXProject "CakePods" */ = {
	isa = XCConfigurationList;
	buildConfigurations = (
		7C4EFAE42230A2EE005A5473 /* Debug */,
		7C4EFAE52230A2EE005A5473 /* Release */,
	);
	defaultConfigurationIsVisible = 0;
	defaultConfigurationName = Release;
};
7C4EFAE62230A2EE005A5473 /* Build configuration list for PBXNativeTarget "CakePods" */ = {
	isa = XCConfigurationList;
	buildConfigurations = (
		7C4EFAE72230A2EE005A5473 /* Debug */,
		7C4EFAE82230A2EE005A5473 /* Release */,
	);
	defaultConfigurationIsVisible = 0;
	defaultConfigurationName = Release;
};
/* End XCConfigurationList section */
	};
	rootObject = 7C4EFACC2230A2ED005A5473 /* Project object */;
}
